// !$*UTF8*$!
{
	archiveVersion = 1;
	classes = {
	};
	objectVersion = 46;
	objects = {

/* Begin PBXBuildFile section */
		F636FAD01A27D561002B832C /* Parse.framework in Frameworks */ = {isa = PBXBuildFile; fileRef = F636FACF1A27D561002B832C /* Parse.framework */; };
		F636FAD41A27D580002B832C /* Bolts.framework in Frameworks */ = {isa = PBXBuildFile; fileRef = F636FAD11A27D580002B832C /* Bolts.framework */; };
		F636FAD51A27D580002B832C /* ParseFacebookUtils.framework in Frameworks */ = {isa = PBXBuildFile; fileRef = F636FAD21A27D580002B832C /* ParseFacebookUtils.framework */; };
		F636FAD61A27D580002B832C /* ParseUI.framework in Frameworks */ = {isa = PBXBuildFile; fileRef = F636FAD31A27D580002B832C /* ParseUI.framework */; };
		F636FAFB1A27D622002B832C /* Accounts.framework in Frameworks */ = {isa = PBXBuildFile; fileRef = F636FAEF1A27D622002B832C /* Accounts.framework */; };
		F636FAFC1A27D622002B832C /* AudioToolbox.framework in Frameworks */ = {isa = PBXBuildFile; fileRef = F636FAF01A27D622002B832C /* AudioToolbox.framework */; };
		F636FAFD1A27D622002B832C /* CFNetwork.framework in Frameworks */ = {isa = PBXBuildFile; fileRef = F636FAF11A27D622002B832C /* CFNetwork.framework */; };
		F636FAFE1A27D622002B832C /* CoreGraphics.framework in Frameworks */ = {isa = PBXBuildFile; fileRef = F636FAF21A27D622002B832C /* CoreGraphics.framework */; };
		F636FAFF1A27D622002B832C /* CoreLocation.framework in Frameworks */ = {isa = PBXBuildFile; fileRef = F636FAF31A27D622002B832C /* CoreLocation.framework */; };
		F636FB001A27D622002B832C /* libz.dylib in Frameworks */ = {isa = PBXBuildFile; fileRef = F636FAF41A27D622002B832C /* libz.dylib */; };
		F636FB011A27D622002B832C /* MobileCoreServices.framework in Frameworks */ = {isa = PBXBuildFile; fileRef = F636FAF51A27D622002B832C /* MobileCoreServices.framework */; };
		F636FB021A27D622002B832C /* QuartzCore.framework in Frameworks */ = {isa = PBXBuildFile; fileRef = F636FAF61A27D622002B832C /* QuartzCore.framework */; };
		F636FB031A27D622002B832C /* Security.framework in Frameworks */ = {isa = PBXBuildFile; fileRef = F636FAF71A27D622002B832C /* Security.framework */; };
		F636FB041A27D622002B832C /* Social.framework in Frameworks */ = {isa = PBXBuildFile; fileRef = F636FAF81A27D622002B832C /* Social.framework */; };
		F636FB051A27D622002B832C /* StoreKit.framework in Frameworks */ = {isa = PBXBuildFile; fileRef = F636FAF91A27D622002B832C /* StoreKit.framework */; };
		F636FB061A27D622002B832C /* SystemConfiguration.framework in Frameworks */ = {isa = PBXBuildFile; fileRef = F636FAFA1A27D622002B832C /* SystemConfiguration.framework */; };
		F637F7621A310A8D004752E0 /* login_btn.png in Resources */ = {isa = PBXBuildFile; fileRef = F637F7531A310A8D004752E0 /* login_btn.png */; };
		F637F7631A310A8D004752E0 /* login_btn@2x.png in Resources */ = {isa = PBXBuildFile; fileRef = F637F7541A310A8D004752E0 /* login_btn@2x.png */; };
		F637F7641A310A8D004752E0 /* login_btn@3x.png in Resources */ = {isa = PBXBuildFile; fileRef = F637F7551A310A8D004752E0 /* login_btn@3x.png */; };
		F637F76B1A310A8D004752E0 /* signup_btn.png in Resources */ = {isa = PBXBuildFile; fileRef = F637F75C1A310A8D004752E0 /* signup_btn.png */; };
		F637F76C1A310A8D004752E0 /* signup_btn@2x.png in Resources */ = {isa = PBXBuildFile; fileRef = F637F75D1A310A8D004752E0 /* signup_btn@2x.png */; };
		F637F76D1A310A8D004752E0 /* signup_btn@3x.png in Resources */ = {isa = PBXBuildFile; fileRef = F637F75E1A310A8D004752E0 /* signup_btn@3x.png */; };
		F649BE451A27D22400A00E3D /* AppDelegate.swift in Sources */ = {isa = PBXBuildFile; fileRef = F649BE441A27D22400A00E3D /* AppDelegate.swift */; };
		F649BE471A27D22400A00E3D /* ViewController.swift in Sources */ = {isa = PBXBuildFile; fileRef = F649BE461A27D22400A00E3D /* ViewController.swift */; };
		F649BE4A1A27D22400A00E3D /* Main.storyboard in Resources */ = {isa = PBXBuildFile; fileRef = F649BE481A27D22400A00E3D /* Main.storyboard */; };
		F649BE4C1A27D22400A00E3D /* Images.xcassets in Resources */ = {isa = PBXBuildFile; fileRef = F649BE4B1A27D22400A00E3D /* Images.xcassets */; };
		F649BE4F1A27D22400A00E3D /* LaunchScreen.xib in Resources */ = {isa = PBXBuildFile; fileRef = F649BE4D1A27D22400A00E3D /* LaunchScreen.xib */; };
		F6B429201A363CAE006056A7 /* User.swift in Sources */ = {isa = PBXBuildFile; fileRef = F6B4291F1A363CAE006056A7 /* User.swift */; };
		F6CFB6FD1A3255F100405290 /* exit.png in Resources */ = {isa = PBXBuildFile; fileRef = F6CFB6F71A3255F100405290 /* exit.png */; };
		F6CFB6FE1A3255F100405290 /* exit@2x.png in Resources */ = {isa = PBXBuildFile; fileRef = F6CFB6F81A3255F100405290 /* exit@2x.png */; };
		F6CFB6FF1A3255F100405290 /* exit@3x.png in Resources */ = {isa = PBXBuildFile; fileRef = F6CFB6F91A3255F100405290 /* exit@3x.png */; };
		F6CFB7001A3255F100405290 /* singup_ui.png in Resources */ = {isa = PBXBuildFile; fileRef = F6CFB6FA1A3255F100405290 /* singup_ui.png */; };
		F6CFB7011A3255F100405290 /* singup_ui@2x.png in Resources */ = {isa = PBXBuildFile; fileRef = F6CFB6FB1A3255F100405290 /* singup_ui@2x.png */; };
		F6CFB7021A3255F100405290 /* singup_ui@3x.png in Resources */ = {isa = PBXBuildFile; fileRef = F6CFB6FC1A3255F100405290 /* singup_ui@3x.png */; };
		F6CFB7041A3257A500405290 /* SignupController.swift in Sources */ = {isa = PBXBuildFile; fileRef = F6CFB7031A3257A500405290 /* SignupController.swift */; };
		F6CFB7081A325E1C00405290 /* login_ui.png in Resources */ = {isa = PBXBuildFile; fileRef = F6CFB7051A325E1C00405290 /* login_ui.png */; };
		F6CFB7091A325E1C00405290 /* login_ui@2x.png in Resources */ = {isa = PBXBuildFile; fileRef = F6CFB7061A325E1C00405290 /* login_ui@2x.png */; };
		F6CFB70A1A325E1C00405290 /* login_ui@3x.png in Resources */ = {isa = PBXBuildFile; fileRef = F6CFB7071A325E1C00405290 /* login_ui@3x.png */; };
		F6D789511A36B7B500078FA2 /* DatabaseManager.swift in Sources */ = {isa = PBXBuildFile; fileRef = F6D789501A36B7B500078FA2 /* DatabaseManager.swift */; };
		F6D789531A36B88A00078FA2 /* ParseImpl.swift in Sources */ = {isa = PBXBuildFile; fileRef = F6D789521A36B88A00078FA2 /* ParseImpl.swift */; };
		F6D789551A36B90D00078FA2 /* DBFactory.swift in Sources */ = {isa = PBXBuildFile; fileRef = F6D789541A36B90D00078FA2 /* DBFactory.swift */; };
/* End PBXBuildFile section */

/* Begin PBXContainerItemProxy section */
		F649BE551A27D22400A00E3D /* PBXContainerItemProxy */ = {
			isa = PBXContainerItemProxy;
			containerPortal = F649BE371A27D22400A00E3D /* Project object */;
			proxyType = 1;
			remoteGlobalIDString = F649BE3E1A27D22400A00E3D;
			remoteInfo = Lootz;
		};
/* End PBXContainerItemProxy section */

/* Begin PBXFileReference section */
		F636FACA1A27D3FC002B832C /* Lootz-Bridging-Header.h */ = {isa = PBXFileReference; lastKnownFileType = sourcecode.c.h; path = "Lootz-Bridging-Header.h"; sourceTree = SOURCE_ROOT; };
		F636FACF1A27D561002B832C /* Parse.framework */ = {isa = PBXFileReference; lastKnownFileType = wrapper.framework; path = Parse.framework; sourceTree = "<group>"; };
		F636FAD11A27D580002B832C /* Bolts.framework */ = {isa = PBXFileReference; lastKnownFileType = wrapper.framework; path = Bolts.framework; sourceTree = "<group>"; };
		F636FAD21A27D580002B832C /* ParseFacebookUtils.framework */ = {isa = PBXFileReference; lastKnownFileType = wrapper.framework; path = ParseFacebookUtils.framework; sourceTree = "<group>"; };
		F636FAD31A27D580002B832C /* ParseUI.framework */ = {isa = PBXFileReference; lastKnownFileType = wrapper.framework; path = ParseUI.framework; sourceTree = "<group>"; };
		F636FAEF1A27D622002B832C /* Accounts.framework */ = {isa = PBXFileReference; lastKnownFileType = wrapper.framework; name = Accounts.framework; path = System/Library/Frameworks/Accounts.framework; sourceTree = SDKROOT; };
		F636FAF01A27D622002B832C /* AudioToolbox.framework */ = {isa = PBXFileReference; lastKnownFileType = wrapper.framework; name = AudioToolbox.framework; path = System/Library/Frameworks/AudioToolbox.framework; sourceTree = SDKROOT; };
		F636FAF11A27D622002B832C /* CFNetwork.framework */ = {isa = PBXFileReference; lastKnownFileType = wrapper.framework; name = CFNetwork.framework; path = System/Library/Frameworks/CFNetwork.framework; sourceTree = SDKROOT; };
		F636FAF21A27D622002B832C /* CoreGraphics.framework */ = {isa = PBXFileReference; lastKnownFileType = wrapper.framework; name = CoreGraphics.framework; path = System/Library/Frameworks/CoreGraphics.framework; sourceTree = SDKROOT; };
		F636FAF31A27D622002B832C /* CoreLocation.framework */ = {isa = PBXFileReference; lastKnownFileType = wrapper.framework; name = CoreLocation.framework; path = System/Library/Frameworks/CoreLocation.framework; sourceTree = SDKROOT; };
		F636FAF41A27D622002B832C /* libz.dylib */ = {isa = PBXFileReference; lastKnownFileType = "compiled.mach-o.dylib"; name = libz.dylib; path = usr/lib/libz.dylib; sourceTree = SDKROOT; };
		F636FAF51A27D622002B832C /* MobileCoreServices.framework */ = {isa = PBXFileReference; lastKnownFileType = wrapper.framework; name = MobileCoreServices.framework; path = System/Library/Frameworks/MobileCoreServices.framework; sourceTree = SDKROOT; };
		F636FAF61A27D622002B832C /* QuartzCore.framework */ = {isa = PBXFileReference; lastKnownFileType = wrapper.framework; name = QuartzCore.framework; path = System/Library/Frameworks/QuartzCore.framework; sourceTree = SDKROOT; };
		F636FAF71A27D622002B832C /* Security.framework */ = {isa = PBXFileReference; lastKnownFileType = wrapper.framework; name = Security.framework; path = System/Library/Frameworks/Security.framework; sourceTree = SDKROOT; };
		F636FAF81A27D622002B832C /* Social.framework */ = {isa = PBXFileReference; lastKnownFileType = wrapper.framework; name = Social.framework; path = System/Library/Frameworks/Social.framework; sourceTree = SDKROOT; };
		F636FAF91A27D622002B832C /* StoreKit.framework */ = {isa = PBXFileReference; lastKnownFileType = wrapper.framework; name = StoreKit.framework; path = System/Library/Frameworks/StoreKit.framework; sourceTree = SDKROOT; };
		F636FAFA1A27D622002B832C /* SystemConfiguration.framework */ = {isa = PBXFileReference; lastKnownFileType = wrapper.framework; name = SystemConfiguration.framework; path = System/Library/Frameworks/SystemConfiguration.framework; sourceTree = SDKROOT; };
		F637F7531A310A8D004752E0 /* login_btn.png */ = {isa = PBXFileReference; lastKnownFileType = image.png; path = login_btn.png; sourceTree = "<group>"; };
		F637F7541A310A8D004752E0 /* login_btn@2x.png */ = {isa = PBXFileReference; lastKnownFileType = image.png; path = "login_btn@2x.png"; sourceTree = "<group>"; };
		F637F7551A310A8D004752E0 /* login_btn@3x.png */ = {isa = PBXFileReference; lastKnownFileType = image.png; path = "login_btn@3x.png"; sourceTree = "<group>"; };
		F637F75C1A310A8D004752E0 /* signup_btn.png */ = {isa = PBXFileReference; lastKnownFileType = image.png; path = signup_btn.png; sourceTree = "<group>"; };
		F637F75D1A310A8D004752E0 /* signup_btn@2x.png */ = {isa = PBXFileReference; lastKnownFileType = image.png; path = "signup_btn@2x.png"; sourceTree = "<group>"; };
		F637F75E1A310A8D004752E0 /* signup_btn@3x.png */ = {isa = PBXFileReference; lastKnownFileType = image.png; path = "signup_btn@3x.png"; sourceTree = "<group>"; };
		F649BE3F1A27D22400A00E3D /* Lootz.app */ = {isa = PBXFileReference; explicitFileType = wrapper.application; includeInIndex = 0; path = Lootz.app; sourceTree = BUILT_PRODUCTS_DIR; };
		F649BE431A27D22400A00E3D /* Info.plist */ = {isa = PBXFileReference; lastKnownFileType = text.plist.xml; path = Info.plist; sourceTree = "<group>"; };
		F649BE441A27D22400A00E3D /* AppDelegate.swift */ = {isa = PBXFileReference; lastKnownFileType = sourcecode.swift; name = AppDelegate.swift; path = Lootz/AppDelegate.swift; sourceTree = "<group>"; };
		F649BE461A27D22400A00E3D /* ViewController.swift */ = {isa = PBXFileReference; lastKnownFileType = sourcecode.swift; name = ViewController.swift; path = Lootz/ViewController.swift; sourceTree = "<group>"; };
		F649BE491A27D22400A00E3D /* Base */ = {isa = PBXFileReference; lastKnownFileType = file.storyboard; name = Base; path = Base.lproj/Main.storyboard; sourceTree = "<group>"; };
		F649BE4B1A27D22400A00E3D /* Images.xcassets */ = {isa = PBXFileReference; lastKnownFileType = folder.assetcatalog; name = Images.xcassets; path = Lootz/Images.xcassets; sourceTree = "<group>"; };
		F649BE4E1A27D22400A00E3D /* Base */ = {isa = PBXFileReference; lastKnownFileType = file.xib; name = Base; path = Base.lproj/LaunchScreen.xib; sourceTree = "<group>"; };
		F649BE541A27D22400A00E3D /* LootzTests.xctest */ = {isa = PBXFileReference; explicitFileType = wrapper.cfbundle; includeInIndex = 0; path = LootzTests.xctest; sourceTree = BUILT_PRODUCTS_DIR; };
		F6B4291F1A363CAE006056A7 /* User.swift */ = {isa = PBXFileReference; fileEncoding = 4; lastKnownFileType = sourcecode.swift; path = User.swift; sourceTree = "<group>"; };
		F6CFB6F71A3255F100405290 /* exit.png */ = {isa = PBXFileReference; lastKnownFileType = image.png; path = exit.png; sourceTree = "<group>"; };
		F6CFB6F81A3255F100405290 /* exit@2x.png */ = {isa = PBXFileReference; lastKnownFileType = image.png; path = "exit@2x.png"; sourceTree = "<group>"; };
		F6CFB6F91A3255F100405290 /* exit@3x.png */ = {isa = PBXFileReference; lastKnownFileType = image.png; path = "exit@3x.png"; sourceTree = "<group>"; };
		F6CFB6FA1A3255F100405290 /* singup_ui.png */ = {isa = PBXFileReference; lastKnownFileType = image.png; path = singup_ui.png; sourceTree = "<group>"; };
		F6CFB6FB1A3255F100405290 /* singup_ui@2x.png */ = {isa = PBXFileReference; lastKnownFileType = image.png; path = "singup_ui@2x.png"; sourceTree = "<group>"; };
		F6CFB6FC1A3255F100405290 /* singup_ui@3x.png */ = {isa = PBXFileReference; lastKnownFileType = image.png; path = "singup_ui@3x.png"; sourceTree = "<group>"; };
		F6CFB7031A3257A500405290 /* SignupController.swift */ = {isa = PBXFileReference; fileEncoding = 4; lastKnownFileType = sourcecode.swift; path = SignupController.swift; sourceTree = "<group>"; };
		F6CFB7051A325E1C00405290 /* login_ui.png */ = {isa = PBXFileReference; lastKnownFileType = image.png; path = login_ui.png; sourceTree = "<group>"; };
		F6CFB7061A325E1C00405290 /* login_ui@2x.png */ = {isa = PBXFileReference; lastKnownFileType = image.png; path = "login_ui@2x.png"; sourceTree = "<group>"; };
		F6CFB7071A325E1C00405290 /* login_ui@3x.png */ = {isa = PBXFileReference; lastKnownFileType = image.png; path = "login_ui@3x.png"; sourceTree = "<group>"; };
		F6D789501A36B7B500078FA2 /* DatabaseManager.swift */ = {isa = PBXFileReference; fileEncoding = 4; lastKnownFileType = sourcecode.swift; path = DatabaseManager.swift; sourceTree = "<group>"; };
		F6D789521A36B88A00078FA2 /* ParseImpl.swift */ = {isa = PBXFileReference; fileEncoding = 4; lastKnownFileType = sourcecode.swift; path = ParseImpl.swift; sourceTree = "<group>"; };
		F6D789541A36B90D00078FA2 /* DBFactory.swift */ = {isa = PBXFileReference; fileEncoding = 4; lastKnownFileType = sourcecode.swift; path = DBFactory.swift; sourceTree = "<group>"; };
/* End PBXFileReference section */

/* Begin PBXFrameworksBuildPhase section */
		F649BE3C1A27D22400A00E3D /* Frameworks */ = {
			isa = PBXFrameworksBuildPhase;
			buildActionMask = 2147483647;
			files = (
				F636FB031A27D622002B832C /* Security.framework in Frameworks */,
				F636FB041A27D622002B832C /* Social.framework in Frameworks */,
				F636FAFC1A27D622002B832C /* AudioToolbox.framework in Frameworks */,
				F636FB021A27D622002B832C /* QuartzCore.framework in Frameworks */,
				F636FAFE1A27D622002B832C /* CoreGraphics.framework in Frameworks */,
				F636FAFB1A27D622002B832C /* Accounts.framework in Frameworks */,
				F636FB001A27D622002B832C /* libz.dylib in Frameworks */,
				F636FAFD1A27D622002B832C /* CFNetwork.framework in Frameworks */,
				F636FB051A27D622002B832C /* StoreKit.framework in Frameworks */,
				F636FAD01A27D561002B832C /* Parse.framework in Frameworks */,
				F636FB061A27D622002B832C /* SystemConfiguration.framework in Frameworks */,
				F636FAD41A27D580002B832C /* Bolts.framework in Frameworks */,
				F636FAFF1A27D622002B832C /* CoreLocation.framework in Frameworks */,
				F636FB011A27D622002B832C /* MobileCoreServices.framework in Frameworks */,
				F636FAD61A27D580002B832C /* ParseUI.framework in Frameworks */,
				F636FAD51A27D580002B832C /* ParseFacebookUtils.framework in Frameworks */,
			);
			runOnlyForDeploymentPostprocessing = 0;
		};
		F649BE511A27D22400A00E3D /* Frameworks */ = {
			isa = PBXFrameworksBuildPhase;
			buildActionMask = 2147483647;
			files = (
			);
			runOnlyForDeploymentPostprocessing = 0;
		};
/* End PBXFrameworksBuildPhase section */

/* Begin PBXGroup section */
		F62DE8EF1A2E312400E77B70 /* SRC */ = {
			isa = PBXGroup;
			children = (
				F6D7894F1A36B78800078FA2 /* Protocols */,
				F62DE8F31A2E317C00E77B70 /* AppDelegate */,
				F62DE8F11A2E313500E77B70 /* Controllers */,
				F62DE8F21A2E317200E77B70 /* Helpers */,
				F62DE8F01A2E312E00E77B70 /* Models */,
				F62DE8F81A2E32B400E77B70 /* View */,
			);
			name = SRC;
			sourceTree = "<group>";
		};
		F62DE8F01A2E312E00E77B70 /* Models */ = {
			isa = PBXGroup;
			children = (
				F6B4291F1A363CAE006056A7 /* User.swift */,
			);
			name = Models;
			sourceTree = "<group>";
		};
		F62DE8F11A2E313500E77B70 /* Controllers */ = {
			isa = PBXGroup;
			children = (
				F649BE461A27D22400A00E3D /* ViewController.swift */,
				F6CFB7031A3257A500405290 /* SignupController.swift */,
			);
			name = Controllers;
			sourceTree = "<group>";
		};
		F62DE8F21A2E317200E77B70 /* Helpers */ = {
			isa = PBXGroup;
			children = (
				F6D789521A36B88A00078FA2 /* ParseImpl.swift */,
				F6D789541A36B90D00078FA2 /* DBFactory.swift */,
			);
			name = Helpers;
			sourceTree = "<group>";
		};
		F62DE8F31A2E317C00E77B70 /* AppDelegate */ = {
			isa = PBXGroup;
			children = (
				F649BE441A27D22400A00E3D /* AppDelegate.swift */,
			);
			name = AppDelegate;
			sourceTree = "<group>";
		};
		F62DE8F41A2E319100E77B70 /* Resources */ = {
			isa = PBXGroup;
			children = (
				F62DE8F61A2E31A400E77B70 /* Sounds */,
				F62DE8F51A2E319900E77B70 /* Images */,
			);
			name = Resources;
			sourceTree = "<group>";
		};
		F62DE8F51A2E319900E77B70 /* Images */ = {
			isa = PBXGroup;
			children = (
				F6CFB7051A325E1C00405290 /* login_ui.png */,
				F6CFB7061A325E1C00405290 /* login_ui@2x.png */,
				F6CFB7071A325E1C00405290 /* login_ui@3x.png */,
				F6CFB6F71A3255F100405290 /* exit.png */,
				F6CFB6F81A3255F100405290 /* exit@2x.png */,
				F6CFB6F91A3255F100405290 /* exit@3x.png */,
				F6CFB6FA1A3255F100405290 /* singup_ui.png */,
				F6CFB6FB1A3255F100405290 /* singup_ui@2x.png */,
				F6CFB6FC1A3255F100405290 /* singup_ui@3x.png */,
				F637F7531A310A8D004752E0 /* login_btn.png */,
				F637F7541A310A8D004752E0 /* login_btn@2x.png */,
				F637F7551A310A8D004752E0 /* login_btn@3x.png */,
				F637F75C1A310A8D004752E0 /* signup_btn.png */,
				F637F75D1A310A8D004752E0 /* signup_btn@2x.png */,
				F637F75E1A310A8D004752E0 /* signup_btn@3x.png */,
				F649BE4B1A27D22400A00E3D /* Images.xcassets */,
			);
			name = Images;
			sourceTree = "<group>";
		};
		F62DE8F61A2E31A400E77B70 /* Sounds */ = {
			isa = PBXGroup;
			children = (
			);
			name = Sounds;
			sourceTree = "<group>";
		};
		F62DE8F81A2E32B400E77B70 /* View */ = {
			isa = PBXGroup;
			children = (
				F649BE4D1A27D22400A00E3D /* LaunchScreen.xib */,
				F649BE481A27D22400A00E3D /* Main.storyboard */,
			);
			name = View;
			sourceTree = "<group>";
		};
		F636FACE1A27D506002B832C /* Frameworks */ = {
			isa = PBXGroup;
			children = (
				F636FAEF1A27D622002B832C /* Accounts.framework */,
				F636FAF01A27D622002B832C /* AudioToolbox.framework */,
				F636FAF11A27D622002B832C /* CFNetwork.framework */,
				F636FAF21A27D622002B832C /* CoreGraphics.framework */,
				F636FAF31A27D622002B832C /* CoreLocation.framework */,
				F636FAF41A27D622002B832C /* libz.dylib */,
				F636FAF51A27D622002B832C /* MobileCoreServices.framework */,
				F636FAF61A27D622002B832C /* QuartzCore.framework */,
				F636FAF71A27D622002B832C /* Security.framework */,
				F636FAF81A27D622002B832C /* Social.framework */,
				F636FAF91A27D622002B832C /* StoreKit.framework */,
				F636FAFA1A27D622002B832C /* SystemConfiguration.framework */,
				F636FAD11A27D580002B832C /* Bolts.framework */,
				F636FAD21A27D580002B832C /* ParseFacebookUtils.framework */,
				F636FAD31A27D580002B832C /* ParseUI.framework */,
				F636FACF1A27D561002B832C /* Parse.framework */,
			);
			name = Frameworks;
			path = Lootz;
			sourceTree = "<group>";
		};
		F649BE361A27D22400A00E3D = {
			isa = PBXGroup;
			children = (
				F62DE8EF1A2E312400E77B70 /* SRC */,
				F62DE8F41A2E319100E77B70 /* Resources */,
				F649BE421A27D22400A00E3D /* Supporting Files */,
				F636FACE1A27D506002B832C /* Frameworks */,
				F649BE401A27D22400A00E3D /* Products */,
			);
			sourceTree = "<group>";
		};
		F649BE401A27D22400A00E3D /* Products */ = {
			isa = PBXGroup;
			children = (
				F649BE3F1A27D22400A00E3D /* Lootz.app */,
				F649BE541A27D22400A00E3D /* LootzTests.xctest */,
			);
			name = Products;
			sourceTree = "<group>";
		};
		F649BE421A27D22400A00E3D /* Supporting Files */ = {
			isa = PBXGroup;
			children = (
				F636FACA1A27D3FC002B832C /* Lootz-Bridging-Header.h */,
				F649BE431A27D22400A00E3D /* Info.plist */,
			);
			name = "Supporting Files";
			path = Lootz;
			sourceTree = "<group>";
		};
		F6D7894F1A36B78800078FA2 /* Protocols */ = {
			isa = PBXGroup;
			children = (
				F6D789501A36B7B500078FA2 /* DatabaseManager.swift */,
			);
			name = Protocols;
			sourceTree = "<group>";
		};
/* End PBXGroup section */

/* Begin PBXNativeTarget section */
		F649BE3E1A27D22400A00E3D /* Lootz */ = {
			isa = PBXNativeTarget;
			buildConfigurationList = F649BE5E1A27D22400A00E3D /* Build configuration list for PBXNativeTarget "Lootz" */;
			buildPhases = (
				F649BE3B1A27D22400A00E3D /* Sources */,
				F649BE3C1A27D22400A00E3D /* Frameworks */,
				F649BE3D1A27D22400A00E3D /* Resources */,
			);
			buildRules = (
			);
			dependencies = (
			);
			name = Lootz;
			productName = Lootz;
			productReference = F649BE3F1A27D22400A00E3D /* Lootz.app */;
			productType = "com.apple.product-type.application";
		};
		F649BE531A27D22400A00E3D /* LootzTests */ = {
			isa = PBXNativeTarget;
			buildConfigurationList = F649BE611A27D22400A00E3D /* Build configuration list for PBXNativeTarget "LootzTests" */;
			buildPhases = (
				F649BE501A27D22400A00E3D /* Sources */,
				F649BE511A27D22400A00E3D /* Frameworks */,
				F649BE521A27D22400A00E3D /* Resources */,
			);
			buildRules = (
			);
			dependencies = (
				F649BE561A27D22400A00E3D /* PBXTargetDependency */,
			);
			name = LootzTests;
			productName = LootzTests;
			productReference = F649BE541A27D22400A00E3D /* LootzTests.xctest */;
			productType = "com.apple.product-type.bundle.unit-test";
		};
/* End PBXNativeTarget section */

/* Begin PBXProject section */
		F649BE371A27D22400A00E3D /* Project object */ = {
			isa = PBXProject;
			attributes = {
				LastUpgradeCheck = 0610;
				ORGANIZATIONNAME = "Brayden Girard";
				TargetAttributes = {
					F649BE3E1A27D22400A00E3D = {
						CreatedOnToolsVersion = 6.1;
						DevelopmentTeam = HL9C6CF9A5;
					};
					F649BE531A27D22400A00E3D = {
						CreatedOnToolsVersion = 6.1;
						TestTargetID = F649BE3E1A27D22400A00E3D;
					};
				};
			};
			buildConfigurationList = F649BE3A1A27D22400A00E3D /* Build configuration list for PBXProject "Lootz" */;
			compatibilityVersion = "Xcode 3.2";
			developmentRegion = English;
			hasScannedForEncodings = 0;
			knownRegions = (
				en,
				Base,
			);
			mainGroup = F649BE361A27D22400A00E3D;
			productRefGroup = F649BE401A27D22400A00E3D /* Products */;
			projectDirPath = "";
			projectRoot = "";
			targets = (
				F649BE3E1A27D22400A00E3D /* Lootz */,
				F649BE531A27D22400A00E3D /* LootzTests */,
			);
		};
/* End PBXProject section */

/* Begin PBXResourcesBuildPhase section */
		F649BE3D1A27D22400A00E3D /* Resources */ = {
			isa = PBXResourcesBuildPhase;
			buildActionMask = 2147483647;
			files = (
				F637F7641A310A8D004752E0 /* login_btn@3x.png in Resources */,
				F6CFB7001A3255F100405290 /* singup_ui.png in Resources */,
				F6CFB7011A3255F100405290 /* singup_ui@2x.png in Resources */,
				F637F7621A310A8D004752E0 /* login_btn.png in Resources */,
				F649BE4A1A27D22400A00E3D /* Main.storyboard in Resources */,
				F6CFB7081A325E1C00405290 /* login_ui.png in Resources */,
				F637F76C1A310A8D004752E0 /* signup_btn@2x.png in Resources */,
				F6CFB70A1A325E1C00405290 /* login_ui@3x.png in Resources */,
				F6CFB6FD1A3255F100405290 /* exit.png in Resources */,
				F637F76D1A310A8D004752E0 /* signup_btn@3x.png in Resources */,
				F6CFB6FE1A3255F100405290 /* exit@2x.png in Resources */,
				F6CFB7021A3255F100405290 /* singup_ui@3x.png in Resources */,
				F637F76B1A310A8D004752E0 /* signup_btn.png in Resources */,
				F6CFB7091A325E1C00405290 /* login_ui@2x.png in Resources */,
				F637F7631A310A8D004752E0 /* login_btn@2x.png in Resources */,
				F6CFB6FF1A3255F100405290 /* exit@3x.png in Resources */,
				F649BE4F1A27D22400A00E3D /* LaunchScreen.xib in Resources */,
				F649BE4C1A27D22400A00E3D /* Images.xcassets in Resources */,
			);
			runOnlyForDeploymentPostprocessing = 0;
		};
		F649BE521A27D22400A00E3D /* Resources */ = {
			isa = PBXResourcesBuildPhase;
			buildActionMask = 2147483647;
			files = (
			);
			runOnlyForDeploymentPostprocessing = 0;
		};
/* End PBXResourcesBuildPhase section */

/* Begin PBXSourcesBuildPhase section */
		F649BE3B1A27D22400A00E3D /* Sources */ = {
			isa = PBXSourcesBuildPhase;
			buildActionMask = 2147483647;
			files = (
				F6B429201A363CAE006056A7 /* User.swift in Sources */,
				F6D789551A36B90D00078FA2 /* DBFactory.swift in Sources */,
				F6D789531A36B88A00078FA2 /* ParseImpl.swift in Sources */,
				F6CFB7041A3257A500405290 /* SignupController.swift in Sources */,
				F6D789511A36B7B500078FA2 /* DatabaseManager.swift in Sources */,
				F649BE471A27D22400A00E3D /* ViewController.swift in Sources */,
				F649BE451A27D22400A00E3D /* AppDelegate.swift in Sources */,
			);
			runOnlyForDeploymentPostprocessing = 0;
		};
		F649BE501A27D22400A00E3D /* Sources */ = {
			isa = PBXSourcesBuildPhase;
			buildActionMask = 2147483647;
			files = (
			);
			runOnlyForDeploymentPostprocessing = 0;
		};
/* End PBXSourcesBuildPhase section */

/* Begin PBXTargetDependency section */
		F649BE561A27D22400A00E3D /* PBXTargetDependency */ = {
			isa = PBXTargetDependency;
			target = F649BE3E1A27D22400A00E3D /* Lootz */;
			targetProxy = F649BE551A27D22400A00E3D /* PBXContainerItemProxy */;
		};
/* End PBXTargetDependency section */

/* Begin PBXVariantGroup section */
		F649BE481A27D22400A00E3D /* Main.storyboard */ = {
			isa = PBXVariantGroup;
			children = (
				F649BE491A27D22400A00E3D /* Base */,
			);
			name = Main.storyboard;
			path = Lootz;
			sourceTree = "<group>";
		};
		F649BE4D1A27D22400A00E3D /* LaunchScreen.xib */ = {
			isa = PBXVariantGroup;
			children = (
				F649BE4E1A27D22400A00E3D /* Base */,
			);
			name = LaunchScreen.xib;
			path = Lootz;
			sourceTree = "<group>";
		};
/* End PBXVariantGroup section */

/* Begin XCBuildConfiguration section */
		F649BE5C1A27D22400A00E3D /* Debug */ = {
			isa = XCBuildConfiguration;
			buildSettings = {
				ALWAYS_SEARCH_USER_PATHS = NO;
				CLANG_CXX_LANGUAGE_STANDARD = "gnu++0x";
				CLANG_CXX_LIBRARY = "libc++";
				CLANG_ENABLE_MODULES = YES;
				CLANG_ENABLE_OBJC_ARC = YES;
				CLANG_WARN_BOOL_CONVERSION = YES;
				CLANG_WARN_CONSTANT_CONVERSION = YES;
				CLANG_WARN_DIRECT_OBJC_ISA_USAGE = YES_ERROR;
				CLANG_WARN_EMPTY_BODY = YES;
				CLANG_WARN_ENUM_CONVERSION = YES;
				CLANG_WARN_INT_CONVERSION = YES;
				CLANG_WARN_OBJC_ROOT_CLASS = YES_ERROR;
				CLANG_WARN_UNREACHABLE_CODE = YES;
				CLANG_WARN__DUPLICATE_METHOD_MATCH = YES;
				"CODE_SIGN_IDENTITY[sdk=iphoneos*]" = "iPhone Developer";
				COPY_PHASE_STRIP = NO;
				ENABLE_STRICT_OBJC_MSGSEND = YES;
				GCC_C_LANGUAGE_STANDARD = gnu99;
				GCC_DYNAMIC_NO_PIC = NO;
				GCC_OPTIMIZATION_LEVEL = 0;
				GCC_PREPROCESSOR_DEFINITIONS = (
					"DEBUG=1",
					"$(inherited)",
				);
				GCC_SYMBOLS_PRIVATE_EXTERN = NO;
				GCC_WARN_64_TO_32_BIT_CONVERSION = YES;
				GCC_WARN_ABOUT_RETURN_TYPE = YES_ERROR;
				GCC_WARN_UNDECLARED_SELECTOR = YES;
				GCC_WARN_UNINITIALIZED_AUTOS = YES_AGGRESSIVE;
				GCC_WARN_UNUSED_FUNCTION = YES;
				GCC_WARN_UNUSED_VARIABLE = YES;
				IPHONEOS_DEPLOYMENT_TARGET = 8.1;
				MTL_ENABLE_DEBUG_INFO = YES;
				ONLY_ACTIVE_ARCH = YES;
				SDKROOT = iphoneos;
				SWIFT_OPTIMIZATION_LEVEL = "-Onone";
			};
			name = Debug;
		};
		F649BE5D1A27D22400A00E3D /* Release */ = {
			isa = XCBuildConfiguration;
			buildSettings = {
				ALWAYS_SEARCH_USER_PATHS = NO;
				CLANG_CXX_LANGUAGE_STANDARD = "gnu++0x";
				CLANG_CXX_LIBRARY = "libc++";
				CLANG_ENABLE_MODULES = YES;
				CLANG_ENABLE_OBJC_ARC = YES;
				CLANG_WARN_BOOL_CONVERSION = YES;
				CLANG_WARN_CONSTANT_CONVERSION = YES;
				CLANG_WARN_DIRECT_OBJC_ISA_USAGE = YES_ERROR;
				CLANG_WARN_EMPTY_BODY = YES;
				CLANG_WARN_ENUM_CONVERSION = YES;
				CLANG_WARN_INT_CONVERSION = YES;
				CLANG_WARN_OBJC_ROOT_CLASS = YES_ERROR;
				CLANG_WARN_UNREACHABLE_CODE = YES;
				CLANG_WARN__DUPLICATE_METHOD_MATCH = YES;
				"CODE_SIGN_IDENTITY[sdk=iphoneos*]" = "iPhone Developer";
				COPY_PHASE_STRIP = YES;
				ENABLE_NS_ASSERTIONS = NO;
				ENABLE_STRICT_OBJC_MSGSEND = YES;
				GCC_C_LANGUAGE_STANDARD = gnu99;
				GCC_WARN_64_TO_32_BIT_CONVERSION = YES;
				GCC_WARN_ABOUT_RETURN_TYPE = YES_ERROR;
				GCC_WARN_UNDECLARED_SELECTOR = YES;
				GCC_WARN_UNINITIALIZED_AUTOS = YES_AGGRESSIVE;
				GCC_WARN_UNUSED_FUNCTION = YES;
				GCC_WARN_UNUSED_VARIABLE = YES;
				IPHONEOS_DEPLOYMENT_TARGET = 8.1;
				MTL_ENABLE_DEBUG_INFO = NO;
				SDKROOT = iphoneos;
				VALIDATE_PRODUCT = YES;
			};
			name = Release;
		};
		F649BE5F1A27D22400A00E3D /* Debug */ = {
			isa = XCBuildConfiguration;
			buildSettings = {
				ASSETCATALOG_COMPILER_APPICON_NAME = AppIcon;
				CLANG_ENABLE_MODULES = YES;
				CODE_SIGN_IDENTITY = "iPhone Developer";
				FRAMEWORK_SEARCH_PATHS = (
					"$(inherited)",
					"$(PROJECT_DIR)/Lootz",
				);
				INFOPLIST_FILE = Lootz/Info.plist;
				LD_RUNPATH_SEARCH_PATHS = "$(inherited) @executable_path/Frameworks";
				OTHER_LDFLAGS = "";
				PRODUCT_NAME = "$(TARGET_NAME)";
				SWIFT_OBJC_BRIDGING_HEADER = "Lootz-Bridging-Header.h";
				SWIFT_OPTIMIZATION_LEVEL = "-Onone";
			};
			name = Debug;
		};
		F649BE601A27D22400A00E3D /* Release */ = {
			isa = XCBuildConfiguration;
			buildSettings = {
				ASSETCATALOG_COMPILER_APPICON_NAME = AppIcon;
				CLANG_ENABLE_MODULES = YES;
				CODE_SIGN_IDENTITY = "iPhone Developer";
				FRAMEWORK_SEARCH_PATHS = (
					"$(inherited)",
					"$(PROJECT_DIR)/Lootz",
				);
				INFOPLIST_FILE = Lootz/Info.plist;
				LD_RUNPATH_SEARCH_PATHS = "$(inherited) @executable_path/Frameworks";
				OTHER_LDFLAGS = "";
				PRODUCT_NAME = "$(TARGET_NAME)";
				SWIFT_OBJC_BRIDGING_HEADER = "Lootz-Bridging-Header.h";
			};
			name = Release;
		};
		F649BE621A27D22400A00E3D /* Debug */ = {
			isa = XCBuildConfiguration;
			buildSettings = {
				BUNDLE_LOADER = "$(TEST_HOST)";
				FRAMEWORK_SEARCH_PATHS = (
					"$(SDKROOT)/Developer/Library/Frameworks",
					"$(inherited)",
				);
				GCC_PREPROCESSOR_DEFINITIONS = (
					"DEBUG=1",
					"$(inherited)",
				);
				INFOPLIST_FILE = LootzTests/Info.plist;
				LD_RUNPATH_SEARCH_PATHS = "$(inherited) @executable_path/Frameworks @loader_path/Frameworks";
				PRODUCT_NAME = "$(TARGET_NAME)";
				TEST_HOST = "$(BUILT_PRODUCTS_DIR)/Lootz.app/Lootz";
			};
			name = Debug;
		};
		F649BE631A27D22400A00E3D /* Release */ = {
			isa = XCBuildConfiguration;
			buildSettings = {
				BUNDLE_LOADER = "$(TEST_HOST)";
				FRAMEWORK_SEARCH_PATHS = (
					"$(SDKROOT)/Developer/Library/Frameworks",
					"$(inherited)",
				);
				INFOPLIST_FILE = LootzTests/Info.plist;
				LD_RUNPATH_SEARCH_PATHS = "$(inherited) @executable_path/Frameworks @loader_path/Frameworks";
				PRODUCT_NAME = "$(TARGET_NAME)";
				TEST_HOST = "$(BUILT_PRODUCTS_DIR)/Lootz.app/Lootz";
			};
			name = Release;
		};
/* End XCBuildConfiguration section */

/* Begin XCConfigurationList section */
		F649BE3A1A27D22400A00E3D /* Build configuration list for PBXProject "Lootz" */ = {
			isa = XCConfigurationList;
			buildConfigurations = (
				F649BE5C1A27D22400A00E3D /* Debug */,
				F649BE5D1A27D22400A00E3D /* Release */,
			);
			defaultConfigurationIsVisible = 0;
			defaultConfigurationName = Release;
		};
		F649BE5E1A27D22400A00E3D /* Build configuration list for PBXNativeTarget "Lootz" */ = {
			isa = XCConfigurationList;
			buildConfigurations = (
				F649BE5F1A27D22400A00E3D /* Debug */,
				F649BE601A27D22400A00E3D /* Release */,
			);
			defaultConfigurationIsVisible = 0;
			defaultConfigurationName = Release;
		};
		F649BE611A27D22400A00E3D /* Build configuration list for PBXNativeTarget "LootzTests" */ = {
			isa = XCConfigurationList;
			buildConfigurations = (
				F649BE621A27D22400A00E3D /* Debug */,
				F649BE631A27D22400A00E3D /* Release */,
			);
			defaultConfigurationIsVisible = 0;
			defaultConfigurationName = Release;
		};
/* End XCConfigurationList section */
	};
	rootObject = F649BE371A27D22400A00E3D /* Project object */;
}
